// !$*UTF8*$!
{
	archiveVersion = 1;
	classes = {
	};
	objectVersion = 46;
	objects = {

/* Begin PBXBuildFile section */
		B1BFC1121B9D639B0080058E /* AppDelegate.swift in Sources */ = {isa = PBXBuildFile; fileRef = B1BFC1111B9D639B0080058E /* AppDelegate.swift */; };
		B1BFC1191B9D639B0080058E /* Assets.xcassets in Resources */ = {isa = PBXBuildFile; fileRef = B1BFC1181B9D639B0080058E /* Assets.xcassets */; };
		B1BFC11C1B9D639B0080058E /* LaunchScreen.storyboard in Resources */ = {isa = PBXBuildFile; fileRef = B1BFC11A1B9D639B0080058E /* LaunchScreen.storyboard */; };
		B1BFC1261B9D63D50080058E /* ENSideMenu.swift in Sources */ = {isa = PBXBuildFile; fileRef = B1BFC1241B9D63D50080058E /* ENSideMenu.swift */; settings = {ASSET_TAGS = (); }; };
		B1BFC1271B9D63D50080058E /* ENSideMenuNavigationController.swift in Sources */ = {isa = PBXBuildFile; fileRef = B1BFC1251B9D63D50080058E /* ENSideMenuNavigationController.swift */; settings = {ASSET_TAGS = (); }; };
		B1BFC12C1B9D63F70080058E /* MyNavigationController.swift in Sources */ = {isa = PBXBuildFile; fileRef = B1BFC1281B9D63F70080058E /* MyNavigationController.swift */; settings = {ASSET_TAGS = (); }; };
		B1BFC12D1B9D63F70080058E /* MyMenuTableViewController.swift in Sources */ = {isa = PBXBuildFile; fileRef = B1BFC1291B9D63F70080058E /* MyMenuTableViewController.swift */; settings = {ASSET_TAGS = (); }; };
		B1BFC12E1B9D63F70080058E /* ViewController.swift in Sources */ = {isa = PBXBuildFile; fileRef = B1BFC12A1B9D63F70080058E /* ViewController.swift */; settings = {ASSET_TAGS = (); }; };
		B1BFC12F1B9D63F70080058E /* ViewController2.swift in Sources */ = {isa = PBXBuildFile; fileRef = B1BFC12B1B9D63F70080058E /* ViewController2.swift */; settings = {ASSET_TAGS = (); }; };
		B1BFC1361B9D64A90080058E /* image.png in Resources */ = {isa = PBXBuildFile; fileRef = B1BFC1351B9D64A90080058E /* image.png */; settings = {ASSET_TAGS = (); }; };
		B1BFC1381B9D64EC0080058E /* Main.storyboard in Resources */ = {isa = PBXBuildFile; fileRef = B1BFC1371B9D64EC0080058E /* Main.storyboard */; settings = {ASSET_TAGS = (); }; };
/* End PBXBuildFile section */

/* Begin PBXFileReference section */
		B1BFC10E1B9D639B0080058E /* ENSwiftSideMenu.app */ = {isa = PBXFileReference; explicitFileType = wrapper.application; includeInIndex = 0; path = ENSwiftSideMenu.app; sourceTree = BUILT_PRODUCTS_DIR; };
		B1BFC1111B9D639B0080058E /* AppDelegate.swift */ = {isa = PBXFileReference; lastKnownFileType = sourcecode.swift; path = AppDelegate.swift; sourceTree = "<group>"; };
		B1BFC1181B9D639B0080058E /* Assets.xcassets */ = {isa = PBXFileReference; lastKnownFileType = folder.assetcatalog; path = Assets.xcassets; sourceTree = "<group>"; };
		B1BFC11B1B9D639B0080058E /* Base */ = {isa = PBXFileReference; lastKnownFileType = file.storyboard; name = Base; path = Base.lproj/LaunchScreen.storyboard; sourceTree = "<group>"; };
		B1BFC11D1B9D639B0080058E /* Info.plist */ = {isa = PBXFileReference; lastKnownFileType = text.plist.xml; path = Info.plist; sourceTree = "<group>"; };
		B1BFC1241B9D63D50080058E /* ENSideMenu.swift */ = {isa = PBXFileReference; fileEncoding = 4; lastKnownFileType = sourcecode.swift; path = ENSideMenu.swift; sourceTree = "<group>"; };
		B1BFC1251B9D63D50080058E /* ENSideMenuNavigationController.swift */ = {isa = PBXFileReference; fileEncoding = 4; lastKnownFileType = sourcecode.swift; path = ENSideMenuNavigationController.swift; sourceTree = "<group>"; };
		B1BFC1281B9D63F70080058E /* MyNavigationController.swift */ = {isa = PBXFileReference; fileEncoding = 4; lastKnownFileType = sourcecode.swift; path = MyNavigationController.swift; sourceTree = "<group>"; };
		B1BFC1291B9D63F70080058E /* MyMenuTableViewController.swift */ = {isa = PBXFileReference; fileEncoding = 4; lastKnownFileType = sourcecode.swift; path = MyMenuTableViewController.swift; sourceTree = "<group>"; };
		B1BFC12A1B9D63F70080058E /* ViewController.swift */ = {isa = PBXFileReference; fileEncoding = 4; lastKnownFileType = sourcecode.swift; path = ViewController.swift; sourceTree = "<group>"; };
		B1BFC12B1B9D63F70080058E /* ViewController2.swift */ = {isa = PBXFileReference; fileEncoding = 4; lastKnownFileType = sourcecode.swift; path = ViewController2.swift; sourceTree = "<group>"; };
		B1BFC1351B9D64A90080058E /* image.png */ = {isa = PBXFileReference; lastKnownFileType = image.png; path = image.png; sourceTree = "<group>"; };
		B1BFC1371B9D64EC0080058E /* Main.storyboard */ = {isa = PBXFileReference; fileEncoding = 4; lastKnownFileType = file.storyboard; path = Main.storyboard; sourceTree = "<group>"; };
/* End PBXFileReference section */

/* Begin PBXFrameworksBuildPhase section */
		B1BFC10B1B9D639B0080058E /* Frameworks */ = {
			isa = PBXFrameworksBuildPhase;
			buildActionMask = 2147483647;
			files = (
			);
			runOnlyForDeploymentPostprocessing = 0;
		};
/* End PBXFrameworksBuildPhase section */

/* Begin PBXGroup section */
		B1BFC1051B9D639B0080058E = {
			isa = PBXGroup;
			children = (
				B1BFC1101B9D639B0080058E /* ENSwiftSideMenu */,
				B1BFC10F1B9D639B0080058E /* Products */,
			);
			sourceTree = "<group>";
		};
		B1BFC10F1B9D639B0080058E /* Products */ = {
			isa = PBXGroup;
			children = (
				B1BFC10E1B9D639B0080058E /* ENSwiftSideMenu.app */,
			);
			name = Products;
			sourceTree = "<group>";
		};
		B1BFC1101B9D639B0080058E /* ENSwiftSideMenu */ = {
			isa = PBXGroup;
			children = (
				B1BFC1231B9D63D50080058E /* Library */,
				B1BFC1111B9D639B0080058E /* AppDelegate.swift */,
				B1BFC1281B9D63F70080058E /* MyNavigationController.swift */,
				B1BFC1291B9D63F70080058E /* MyMenuTableViewController.swift */,
				B1BFC12A1B9D63F70080058E /* ViewController.swift */,
				B1BFC12B1B9D63F70080058E /* ViewController2.swift */,
				B1BFC1371B9D64EC0080058E /* Main.storyboard */,
				B1BFC1351B9D64A90080058E /* image.png */,
				B1BFC1181B9D639B0080058E /* Assets.xcassets */,
				B1BFC11A1B9D639B0080058E /* LaunchScreen.storyboard */,
				B1BFC11D1B9D639B0080058E /* Info.plist */,
			);
			path = ENSwiftSideMenu;
			sourceTree = "<group>";
		};
		B1BFC1231B9D63D50080058E /* Library */ = {
			isa = PBXGroup;
			children = (
				B1BFC1241B9D63D50080058E /* ENSideMenu.swift */,
				B1BFC1251B9D63D50080058E /* ENSideMenuNavigationController.swift */,
			);
			path = Library;
			sourceTree = "<group>";
		};
/* End PBXGroup section */

/* Begin PBXNativeTarget section */
		B1BFC10D1B9D639B0080058E /* ENSwiftSideMenu */ = {
			isa = PBXNativeTarget;
			buildConfigurationList = B1BFC1201B9D639B0080058E /* Build configuration list for PBXNativeTarget "ENSwiftSideMenu" */;
			buildPhases = (
				B1BFC10A1B9D639B0080058E /* Sources */,
				B1BFC10B1B9D639B0080058E /* Frameworks */,
				B1BFC10C1B9D639B0080058E /* Resources */,
			);
			buildRules = (
			);
			dependencies = (
			);
			name = ENSwiftSideMenu;
			productName = ENSwiftSideMenu;
			productReference = B1BFC10E1B9D639B0080058E /* ENSwiftSideMenu.app */;
			productType = "com.apple.product-type.application";
		};
/* End PBXNativeTarget section */

/* Begin PBXProject section */
		B1BFC1061B9D639B0080058E /* Project object */ = {
			isa = PBXProject;
			attributes = {
				LastUpgradeCheck = 0700;
				ORGANIZATIONNAME = iAugus;
				TargetAttributes = {
					B1BFC10D1B9D639B0080058E = {
						CreatedOnToolsVersion = 7.0;
					};
				};
			};
			buildConfigurationList = B1BFC1091B9D639B0080058E /* Build configuration list for PBXProject "ENSwiftSideMenu" */;
			compatibilityVersion = "Xcode 3.2";
			developmentRegion = English;
			hasScannedForEncodings = 0;
			knownRegions = (
				en,
				Base,
			);
			mainGroup = B1BFC1051B9D639B0080058E;
			productRefGroup = B1BFC10F1B9D639B0080058E /* Products */;
			projectDirPath = "";
			projectRoot = "";
			targets = (
				B1BFC10D1B9D639B0080058E /* ENSwiftSideMenu */,
			);
		};
/* End PBXProject section */

/* Begin PBXResourcesBuildPhase section */
		B1BFC10C1B9D639B0080058E /* Resources */ = {
			isa = PBXResourcesBuildPhase;
			buildActionMask = 2147483647;
			files = (
				B1BFC11C1B9D639B0080058E /* LaunchScreen.storyboard in Resources */,
				B1BFC1191B9D639B0080058E /* Assets.xcassets in Resources */,
				B1BFC1361B9D64A90080058E /* image.png in Resources */,
				B1BFC1381B9D64EC0080058E /* Main.storyboard in Resources */,
			);
			runOnlyForDeploymentPostprocessing = 0;
		};
/* End PBXResourcesBuildPhase section */

/* Begin PBXSourcesBuildPhase section */
		B1BFC10A1B9D639B0080058E /* Sources */ = {
			isa = PBXSourcesBuildPhase;
			buildActionMask = 2147483647;
			files = (
				B1BFC12F1B9D63F70080058E /* ViewController2.swift in Sources */,
				B1BFC12E1B9D63F70080058E /* ViewController.swift in Sources */,
				B1BFC1271B9D63D50080058E /* ENSideMenuNavigationController.swift in Sources */,
				B1BFC12D1B9D63F70080058E /* MyMenuTableViewController.swift in Sources */,
				B1BFC12C1B9D63F70080058E /* MyNavigationController.swift in Sources */,
				B1BFC1261B9D63D50080058E /* ENSideMenu.swift in Sources */,
				B1BFC1121B9D639B0080058E /* AppDelegate.swift in Sources */,
			);
			runOnlyForDeploymentPostprocessing = 0;
		};
/* End PBXSourcesBuildPhase section */

/* Begin PBXVariantGroup section */
		B1BFC11A1B9D639B0080058E /* LaunchScreen.storyboard */ = {
			isa = PBXVariantGroup;
			children = (
				B1BFC11B1B9D639B0080058E /* Base */,
			);
			name = LaunchScreen.storyboard;
			sourceTree = "<group>";
		};
/* End PBXVariantGroup section */

/* Begin XCBuildConfiguration section */
		B1BFC11E1B9D639B0080058E /* Debug */ = {
			isa = XCBuildConfiguration;
			buildSettings = {
				ALWAYS_SEARCH_USER_PATHS = NO;
				CLANG_CXX_LANGUAGE_STANDARD = "gnu++0x";
				CLANG_CXX_LIBRARY = "libc++";
				CLANG_ENABLE_MODULES = YES;
				CLANG_ENABLE_OBJC_ARC = YES;
				CLANG_WARN_BOOL_CONVERSION = YES;
				CLANG_WARN_CONSTANT_CONVERSION = YES;
				CLANG_WARN_DIRECT_OBJC_ISA_USAGE = YES_ERROR;
				CLANG_WARN_EMPTY_BODY = YES;
				CLANG_WARN_ENUM_CONVERSION = YES;
				CLANG_WARN_INT_CONVERSION = YES;
				CLANG_WARN_OBJC_ROOT_CLASS = YES_ERROR;
				CLANG_WARN_UNREACHABLE_CODE = YES;
				CLANG_WARN__DUPLICATE_METHOD_MATCH = YES;
				"CODE_SIGN_IDENTITY[sdk=iphoneos*]" = "iPhone Developer";
				COPY_PHASE_STRIP = NO;
				DEBUG_INFORMATION_FORMAT = dwarf;
				ENABLE_STRICT_OBJC_MSGSEND = YES;
				ENABLE_TESTABILITY = YES;
				GCC_C_LANGUAGE_STANDARD = gnu99;
				GCC_DYNAMIC_NO_PIC = NO;
				GCC_NO_COMMON_BLOCKS = YES;
				GCC_OPTIMIZATION_LEVEL = 0;
				GCC_PREPROCESSOR_DEFINITIONS = (
					"DEBUG=1",
					"$(inherited)",
				);
				GCC_WARN_64_TO_32_BIT_CONVERSION = YES;
				GCC_WARN_ABOUT_RETURN_TYPE = YES_ERROR;
				GCC_WARN_UNDECLARED_SELECTOR = YES;
				GCC_WARN_UNINITIALIZED_AUTOS = YES_AGGRESSIVE;
				GCC_WARN_UNUSED_FUNCTION = YES;
				GCC_WARN_UNUSED_VARIABLE = YES;
				IPHONEOS_DEPLOYMENT_TARGET = 9.0;
				MTL_ENABLE_DEBUG_INFO = YES;
				ONLY_ACTIVE_ARCH = YES;
				SDKROOT = iphoneos;
				SWIFT_OPTIMIZATION_LEVEL = "-Onone";
			};
			name = Debug;
		};
		B1BFC11F1B9D639B0080058E /* Release */ = {
			isa = XCBuildConfiguration;
			buildSettings = {
				ALWAYS_SEARCH_USER_PATHS = NO;
				CLANG_CXX_LANGUAGE_STANDARD = "gnu++0x";
				CLANG_CXX_LIBRARY = "libc++";
				CLANG_ENABLE_MODULES = YES;
				CLANG_ENABLE_OBJC_ARC = YES;
				CLANG_WARN_BOOL_CONVERSION = YES;
				CLANG_WARN_CONSTANT_CONVERSION = YES;
				CLANG_WARN_DIRECT_OBJC_ISA_USAGE = YES_ERROR;
				CLANG_WARN_EMPTY_BODY = YES;
				CLANG_WARN_ENUM_CONVERSION = YES;
				CLANG_WARN_INT_CONVERSION = YES;
				CLANG_WARN_OBJC_ROOT_CLASS = YES_ERROR;
				CLANG_WARN_UNREACHABLE_CODE = YES;
				CLANG_WARN__DUPLICATE_METHOD_MATCH = YES;
				"CODE_SIGN_IDENTITY[sdk=iphoneos*]" = "iPhone Developer";
				COPY_PHASE_STRIP = NO;
				DEBUG_INFORMATION_FORMAT = "dwarf-with-dsym";
				ENABLE_NS_ASSERTIONS = NO;
				ENABLE_STRICT_OBJC_MSGSEND = YES;
				GCC_C_LANGUAGE_STANDARD = gnu99;
				GCC_NO_COMMON_BLOCKS = YES;
				GCC_WARN_64_TO_32_BIT_CONVERSION = YES;
				GCC_WARN_ABOUT_RETURN_TYPE = YES_ERROR;
				GCC_WARN_UNDECLARED_SELECTOR = YES;
				GCC_WARN_UNINITIALIZED_AUTOS = YES_AGGRESSIVE;
				GCC_WARN_UNUSED_FUNCTION = YES;
				GCC_WARN_UNUSED_VARIABLE = YES;
				IPHONEOS_DEPLOYMENT_TARGET = 9.0;
				MTL_ENABLE_DEBUG_INFO = NO;
				SDKROOT = iphoneos;
				VALIDATE_PRODUCT = YES;
			};
			name = Release;
		};
		B1BFC1211B9D639B0080058E /* Debug */ = {
			isa = XCBuildConfiguration;
			buildSettings = {
				ASSETCATALOG_COMPILER_APPICON_NAME = AppIcon;
				INFOPLIST_FILE = ENSwiftSideMenu/Info.plist;
				LD_RUNPATH_SEARCH_PATHS = "$(inherited) @executable_path/Frameworks";
				PRODUCT_BUNDLE_IDENTIFIER = com.iAugus.ENSwiftSideMenu;
				PRODUCT_NAME = "$(TARGET_NAME)";
			};
			name = Debug;
		};
		B1BFC1221B9D639B0080058E /* Release */ = {
			isa = XCBuildConfiguration;
			buildSettings = {
				ASSETCATALOG_COMPILER_APPICON_NAME = AppIcon;
				INFOPLIST_FILE = ENSwiftSideMenu/Info.plist;
				LD_RUNPATH_SEARCH_PATHS = "$(inherited) @executable_path/Frameworks";
				PRODUCT_BUNDLE_IDENTIFIER = com.iAugus.ENSwiftSideMenu;
				PRODUCT_NAME = "$(TARGET_NAME)";
			};
			name = Release;
		};
/* End XCBuildConfiguration section */

/* Begin XCConfigurationList section */
		B1BFC1091B9D639B0080058E /* Build configuration list for PBXProject "ENSwiftSideMenu" */ = {
			isa = XCConfigurationList;
			buildConfigurations = (
				B1BFC11E1B9D639B0080058E /* Debug */,
				B1BFC11F1B9D639B0080058E /* Release */,
			);
			defaultConfigurationIsVisible = 0;
			defaultConfigurationName = Release;
		};
		B1BFC1201B9D639B0080058E /* Build configuration list for PBXNativeTarget "ENSwiftSideMenu" */ = {
			isa = XCConfigurationList;
			buildConfigurations = (
				B1BFC1211B9D639B0080058E /* Debug */,
				B1BFC1221B9D639B0080058E /* Release */,
			);
			defaultConfigurationIsVisible = 0;
			defaultConfigurationName = Release;
		};
/* End XCConfigurationList section */
	};
	rootObject = B1BFC1061B9D639B0080058E /* Project object */;
}
